{
  "name": "mql5-promise",
  "version": "1.0.0",
  "lockfileVersion": 3,
  "requires": true,
  "packages": {
    "": {
      "name": "mql5-promise",
      "version": "1.0.0",
      "license": "ISC",
      "dependencies": {
        "mql5-timer": "^2.1.5"
      }
    },
    "node_modules/mql5-timer": {
      "version": "2.1.5",
      "resolved": "https://registry.npmjs.org/mql5-timer/-/mql5-timer-2.1.5.tgz",
      "integrity": "sha512-eTAQDkd4m0siB5iONoNehrVVk0qF4HqGbT50i7wcqMDetgeXJIFIbz4OtViSaupd+ld59In+AuKQDdNVuaSTHQ==",
      "license": "ISC"
    }
  }
}
